
Microsoft Visual Studio Solution File, Format Version 12.00
# Visual Studio 14
VisualStudioVersion = 14.0.23107.0
MinimumVisualStudioVersion = 10.0.40219.1
Project("{F14B399A-7131-4C87-9E4B-1186C45EF12D}") = "EDUTEC-REPORTES", "EDUTEC-REPORTES\EDUTEC-REPORTES.rptproj", "{045C12B4-A3E4-4919-B086-09949C22E3A2}"
EndProject
Global
	GlobalSection(SolutionConfigurationPlatforms) = preSolution
		Debug|Default = Debug|Default
		DebugLocal|Default = DebugLocal|Default
		Release|Default = Release|Default
	EndGlobalSection
	GlobalSection(ProjectConfigurationPlatforms) = postSolution
		{045C12B4-A3E4-4919-B086-09949C22E3A2}.Debug|Default.ActiveCfg = Debug
		{045C12B4-A3E4-4919-B086-09949C22E3A2}.Debug|Default.Build.0 = Debug
		{045C12B4-A3E4-4919-B086-09949C22E3A2}.Debug|Default.Deploy.0 = Debug
		{045C12B4-A3E4-4919-B086-09949C22E3A2}.DebugLocal|Default.ActiveCfg = DebugLocal
		{045C12B4-A3E4-4919-B086-09949C22E3A2}.DebugLocal|Default.Build.0 = DebugLocal
		{045C12B4-A3E4-4919-B086-09949C22E3A2}.Release|Default.ActiveCfg = Release
		{045C12B4-A3E4-4919-B086-09949C22E3A2}.Release|Default.Build.0 = Release
		{045C12B4-A3E4-4919-B086-09949C22E3A2}.Release|Default.Deploy.0 = Release
	EndGlobalSection
	GlobalSection(SolutionProperties) = preSolution
		HideSolutionNode = FALSE
	EndGlobalSection
EndGlobal
